PODS:
  - BanubaARCloudSDK (1.31.0)
  - BanubaAudioBrowserSDK (1.31.0)
  - BanubaEffectPlayer (1.31.0)
  - BanubaLicenseServicingSDK (1.31.0)
  - BanubaSDK (1.31.0)
  - BanubaSDKServicing (1.31.0)
  - BanubaSDKSimple (1.31.0)
  - BanubaUtilities (1.31.0)
  - BanubaVideoEditorGallerySDK (1.31.0)
  - BanubaVideoEditorSDK (1.31.0)
  - BNBLicenseUtils (1.31.0)
  - VEEffectsSDK (1.31.0)
  - VEExportSDK (1.31.0)
  - VEPlaybackSDK (1.31.0)
  - VideoEditor (1.31.0)

DEPENDENCIES:
  - BanubaARCloudSDK (= 1.31.0)
  - BanubaAudioBrowserSDK (= 1.31.0)
  - BanubaEffectPlayer (= 1.31.0)
  - BanubaLicenseServicingSDK (= 1.31.0)
  - BanubaSDK (= 1.31.0)
  - BanubaSDKServicing (= 1.31.0)
  - BanubaSDKSimple (= 1.31.0)
  - BanubaUtilities (= 1.31.0)
  - BanubaVideoEditorGallerySDK (= 1.31.0)
  - BanubaVideoEditorSDK (= 1.31.0)
  - BNBLicenseUtils (= 1.31.0)
  - VEEffectsSDK (= 1.31.0)
  - VEExportSDK (= 1.31.0)
  - VEPlaybackSDK (= 1.31.0)
  - VideoEditor (= 1.31.0)

SPEC REPOS:
  https://github.com/Banuba/specs.git:
    - BanubaARCloudSDK
    - BanubaAudioBrowserSDK
    - BanubaEffectPlayer
    - BanubaLicenseServicingSDK
    - BanubaSDK
    - BanubaSDKServicing
    - BanubaSDKSimple
    - BanubaUtilities
    - BanubaVideoEditorGallerySDK
    - BanubaVideoEditorSDK
    - BNBLicenseUtils
    - VEEffectsSDK
    - VEExportSDK
    - VEPlaybackSDK
    - VideoEditor

SPEC CHECKSUMS:
  BanubaARCloudSDK: 52d56decbb489bb32f8f208084d29ededd2ecaf5
  BanubaAudioBrowserSDK: 312eab64964501af4779d37d147a5b050cd303b6
  BanubaEffectPlayer: 0cc6bdcdf83583123bdc9bac8de5fa0bce2c079f
  BanubaLicenseServicingSDK: 6c07bd3c90c212f66a843df68e88bff121a2a191
  BanubaSDK: 35bb9495db729e990483b8160321c9dc5499e52c
  BanubaSDKServicing: 63051b1d8d3f953a840de936a7b35944cd9383e3
  BanubaSDKSimple: f89b5859061bee2627406d5a5f694867998204f0
  BanubaUtilities: e84d946e1bc1de5e5937ea02c31bbcdf183b6665
  BanubaVideoEditorGallerySDK: 0e9f78ee387d9d22e430fe9ee9b09ed821cdda82
  BanubaVideoEditorSDK: 9e4afa69533778aa58a83c71f7c6d940abda7fec
  BNBLicenseUtils: bca2f3f55c2dcee825d78a02cf177849e1b72506
  VEEffectsSDK: 99041e8eb598d73409b08a889d5f49b85d03f280
  VEExportSDK: f7192575ec01173d57b4fa4f0996d36a3646cfa7
  VEPlaybackSDK: 082cb5d7cd28fdfdfb117eeef0a237607e3bca9a
  VideoEditor: 6b23e5d6da4ccc073b6fad52f3bbe5e53ebfd50e

PODFILE CHECKSUM: 3c809d6629b93b4ff1ac9be1bfa23df1b58482a1

COCOAPODS: 1.13.0
